
Microsoft Visual Studio Solution File, Format Version 12.00
# Visual Studio 15
VisualStudioVersion = 15.0.27004.2009
MinimumVisualStudioVersion = 10.0.40219.1
Project("{9A19103F-16F7-4668-BE54-9A1E7A4F7556}") = "Weterynarz.Domain", "Weterynarz.Domain\Weterynarz.Domain.csproj", "{4BA08EEA-2D61-4153-93A2-C92798BAB315}"
EndProject
Project("{9A19103F-16F7-4668-BE54-9A1E7A4F7556}") = "Weterynarz.Basic", "Weterynarz.Basic\Weterynarz.Basic.csproj", "{55DF40EE-487A-486A-951A-DDB6886A79A2}"
EndProject
Project("{9A19103F-16F7-4668-BE54-9A1E7A4F7556}") = "Weterynarz.Services", "Weterynarz.Services\Weterynarz.Services.csproj", "{ED70AD75-FB6E-43EC-AC90-353C3F6E7733}"
EndProject
Project("{FAE04EC0-301F-11D3-BF4B-00C04F79EFBC}") = "Weterynarz.Web", "Weterynarz.Web\Weterynarz.Web.csproj", "{80E2B1C7-3ADA-4576-8A1E-B7195BC717F2}"
EndProject
Global
	GlobalSection(SolutionConfigurationPlatforms) = preSolution
		Debug|Any CPU = Debug|Any CPU
		Release|Any CPU = Release|Any CPU
	EndGlobalSection
	GlobalSection(ProjectConfigurationPlatforms) = postSolution
		{4BA08EEA-2D61-4153-93A2-C92798BAB315}.Debug|Any CPU.ActiveCfg = Debug|Any CPU
		{4BA08EEA-2D61-4153-93A2-C92798BAB315}.Debug|Any CPU.Build.0 = Debug|Any CPU
		{4BA08EEA-2D61-4153-93A2-C92798BAB315}.Release|Any CPU.ActiveCfg = Release|Any CPU
		{4BA08EEA-2D61-4153-93A2-C92798BAB315}.Release|Any CPU.Build.0 = Release|Any CPU
		{55DF40EE-487A-486A-951A-DDB6886A79A2}.Debug|Any CPU.ActiveCfg = Debug|Any CPU
		{55DF40EE-487A-486A-951A-DDB6886A79A2}.Debug|Any CPU.Build.0 = Debug|Any CPU
		{55DF40EE-487A-486A-951A-DDB6886A79A2}.Release|Any CPU.ActiveCfg = Release|Any CPU
		{55DF40EE-487A-486A-951A-DDB6886A79A2}.Release|Any CPU.Build.0 = Release|Any CPU
		{ED70AD75-FB6E-43EC-AC90-353C3F6E7733}.Debug|Any CPU.ActiveCfg = Debug|Any CPU
		{ED70AD75-FB6E-43EC-AC90-353C3F6E7733}.Debug|Any CPU.Build.0 = Debug|Any CPU
		{ED70AD75-FB6E-43EC-AC90-353C3F6E7733}.Release|Any CPU.ActiveCfg = Release|Any CPU
		{ED70AD75-FB6E-43EC-AC90-353C3F6E7733}.Release|Any CPU.Build.0 = Release|Any CPU
		{80E2B1C7-3ADA-4576-8A1E-B7195BC717F2}.Debug|Any CPU.ActiveCfg = Debug|Any CPU
		{80E2B1C7-3ADA-4576-8A1E-B7195BC717F2}.Debug|Any CPU.Build.0 = Debug|Any CPU
		{80E2B1C7-3ADA-4576-8A1E-B7195BC717F2}.Release|Any CPU.ActiveCfg = Release|Any CPU
		{80E2B1C7-3ADA-4576-8A1E-B7195BC717F2}.Release|Any CPU.Build.0 = Release|Any CPU
	EndGlobalSection
	GlobalSection(SolutionProperties) = preSolution
		HideSolutionNode = FALSE
	EndGlobalSection
	GlobalSection(ExtensibilityGlobals) = postSolution
		SolutionGuid = {715D5E89-AF35-496C-9821-205A94CCA249}
	EndGlobalSection
EndGlobal
